
Microsoft Visual Studio Solution File, Format Version 12.00
# Visual Studio 14
VisualStudioVersion = 14.0.25420.1
MinimumVisualStudioVersion = 10.0.40219.1
Project("{FAE04EC0-301F-11D3-BF4B-00C04F79EFBC}") = "Titiushko.MVC5", "Titiushko.MVC5\Titiushko.MVC5.csproj", "{04433381-80E6-4E75-806E-2F97981A74F0}"
EndProject
Project("{FAE04EC0-301F-11D3-BF4B-00C04F79EFBC}") = "Titiushko.Utilities", "Titiushko.Utilities\Titiushko.Utilities.csproj", "{C76E30A3-FCF0-4D02-86F9-DD328392F1C9}"
EndProject
Project("{FAE04EC0-301F-11D3-BF4B-00C04F79EFBC}") = "Titiushko.HtmlHelpers", "Titiushko.HtmlHelpers\Titiushko.HtmlHelpers.csproj", "{0525C508-036E-4A36-90A8-825DD6822DA4}"
EndProject
Global
	GlobalSection(SolutionConfigurationPlatforms) = preSolution
		Debug|Any CPU = Debug|Any CPU
		Release|Any CPU = Release|Any CPU
	EndGlobalSection
	GlobalSection(ProjectConfigurationPlatforms) = postSolution
		{04433381-80E6-4E75-806E-2F97981A74F0}.Debug|Any CPU.ActiveCfg = Debug|Any CPU
		{04433381-80E6-4E75-806E-2F97981A74F0}.Debug|Any CPU.Build.0 = Debug|Any CPU
		{04433381-80E6-4E75-806E-2F97981A74F0}.Release|Any CPU.ActiveCfg = Release|Any CPU
		{04433381-80E6-4E75-806E-2F97981A74F0}.Release|Any CPU.Build.0 = Release|Any CPU
		{C76E30A3-FCF0-4D02-86F9-DD328392F1C9}.Debug|Any CPU.ActiveCfg = Debug|Any CPU
		{C76E30A3-FCF0-4D02-86F9-DD328392F1C9}.Debug|Any CPU.Build.0 = Debug|Any CPU
		{C76E30A3-FCF0-4D02-86F9-DD328392F1C9}.Release|Any CPU.ActiveCfg = Release|Any CPU
		{C76E30A3-FCF0-4D02-86F9-DD328392F1C9}.Release|Any CPU.Build.0 = Release|Any CPU
		{0525C508-036E-4A36-90A8-825DD6822DA4}.Debug|Any CPU.ActiveCfg = Debug|Any CPU
		{0525C508-036E-4A36-90A8-825DD6822DA4}.Debug|Any CPU.Build.0 = Debug|Any CPU
		{0525C508-036E-4A36-90A8-825DD6822DA4}.Release|Any CPU.ActiveCfg = Release|Any CPU
		{0525C508-036E-4A36-90A8-825DD6822DA4}.Release|Any CPU.Build.0 = Release|Any CPU
	EndGlobalSection
	GlobalSection(SolutionProperties) = preSolution
		HideSolutionNode = FALSE
	EndGlobalSection
EndGlobal
